
Microsoft Visual Studio Solution File, Format Version 12.00
# Visual Studio Version 16
VisualStudioVersion = 16.0.30406.217
MinimumVisualStudioVersion = 10.0.40219.1
Project("{FAE04EC0-301F-11D3-BF4B-00C04F79EFBC}") = "TPAplicada1", "TPAplicada1\TPAplicada1.csproj", "{F06E40EE-235D-4038-8EF4-971456E33003}"
EndProject
Global
	GlobalSection(SolutionConfigurationPlatforms) = preSolution
		Debug|Any CPU = Debug|Any CPU
		Release|Any CPU = Release|Any CPU
	EndGlobalSection
	GlobalSection(ProjectConfigurationPlatforms) = postSolution
		{F06E40EE-235D-4038-8EF4-971456E33003}.Debug|Any CPU.ActiveCfg = Debug|Any CPU
		{F06E40EE-235D-4038-8EF4-971456E33003}.Debug|Any CPU.Build.0 = Debug|Any CPU
		{F06E40EE-235D-4038-8EF4-971456E33003}.Release|Any CPU.ActiveCfg = Release|Any CPU
		{F06E40EE-235D-4038-8EF4-971456E33003}.Release|Any CPU.Build.0 = Release|Any CPU
	EndGlobalSection
	GlobalSection(SolutionProperties) = preSolution
		HideSolutionNode = FALSE
	EndGlobalSection
	GlobalSection(ExtensibilityGlobals) = postSolution
		SolutionGuid = {1CB8936C-06A9-4455-80C1-EFB851EF746F}
	EndGlobalSection
EndGlobal
